// !$*UTF8*$!
{
	archiveVersion = 1;
	classes = {
	};
	objectVersion = 50;
	objects = {

/* Begin PBXBuildFile section */
		CD8EEB2523F9D7B600C1946E /* AppDelegate.swift in Sources */ = {isa = PBXBuildFile; fileRef = CD8EEB2423F9D7B600C1946E /* AppDelegate.swift */; };
		CD8EEB2723F9D7B600C1946E /* SceneDelegate.swift in Sources */ = {isa = PBXBuildFile; fileRef = CD8EEB2623F9D7B600C1946E /* SceneDelegate.swift */; };
		CD8EEB2923F9D7B600C1946E /* ViewController.swift in Sources */ = {isa = PBXBuildFile; fileRef = CD8EEB2823F9D7B600C1946E /* ViewController.swift */; };
		CD8EEB2C23F9D7B600C1946E /* Main.storyboard in Resources */ = {isa = PBXBuildFile; fileRef = CD8EEB2A23F9D7B600C1946E /* Main.storyboard */; };
		CD8EEB2E23F9D7B800C1946E /* Assets.xcassets in Resources */ = {isa = PBXBuildFile; fileRef = CD8EEB2D23F9D7B800C1946E /* Assets.xcassets */; };
		CD8EEB3123F9D7B800C1946E /* LaunchScreen.storyboard in Resources */ = {isa = PBXBuildFile; fileRef = CD8EEB2F23F9D7B800C1946E /* LaunchScreen.storyboard */; };
		CD93AC8623FA99C800279FBD /* ButtonsController.swift in Sources */ = {isa = PBXBuildFile; fileRef = CD93AC8523FA99C800279FBD /* ButtonsController.swift */; };
		CD93AC8823FAA6F200279FBD /* File.swift in Sources */ = {isa = PBXBuildFile; fileRef = CD93AC8723FAA6F200279FBD /* File.swift */; };
/* End PBXBuildFile section */

/* Begin PBXFileReference section */
		CD8EEB2123F9D7B600C1946E /* gateNlight.app */ = {isa = PBXFileReference; explicitFileType = wrapper.application; includeInIndex = 0; path = gateNlight.app; sourceTree = BUILT_PRODUCTS_DIR; };
		CD8EEB2423F9D7B600C1946E /* AppDelegate.swift */ = {isa = PBXFileReference; lastKnownFileType = sourcecode.swift; path = AppDelegate.swift; sourceTree = "<group>"; };
		CD8EEB2623F9D7B600C1946E /* SceneDelegate.swift */ = {isa = PBXFileReference; lastKnownFileType = sourcecode.swift; path = SceneDelegate.swift; sourceTree = "<group>"; };
		CD8EEB2823F9D7B600C1946E /* ViewController.swift */ = {isa = PBXFileReference; lastKnownFileType = sourcecode.swift; path = ViewController.swift; sourceTree = "<group>"; };
		CD8EEB2B23F9D7B600C1946E /* Base */ = {isa = PBXFileReference; lastKnownFileType = file.storyboard; name = Base; path = Base.lproj/Main.storyboard; sourceTree = "<group>"; };
		CD8EEB2D23F9D7B800C1946E /* Assets.xcassets */ = {isa = PBXFileReference; lastKnownFileType = folder.assetcatalog; path = Assets.xcassets; sourceTree = "<group>"; };
		CD8EEB3023F9D7B800C1946E /* Base */ = {isa = PBXFileReference; lastKnownFileType = file.storyboard; name = Base; path = Base.lproj/LaunchScreen.storyboard; sourceTree = "<group>"; };
		CD8EEB3223F9D7B800C1946E /* Info.plist */ = {isa = PBXFileReference; lastKnownFileType = text.plist.xml; path = Info.plist; sourceTree = "<group>"; };
		CD93AC8523FA99C800279FBD /* ButtonsController.swift */ = {isa = PBXFileReference; lastKnownFileType = sourcecode.swift; path = ButtonsController.swift; sourceTree = "<group>"; };
		CD93AC8723FAA6F200279FBD /* File.swift */ = {isa = PBXFileReference; lastKnownFileType = sourcecode.swift; path = File.swift; sourceTree = "<group>"; };
/* End PBXFileReference section */

/* Begin PBXFrameworksBuildPhase section */
		CD8EEB1E23F9D7B600C1946E /* Frameworks */ = {
			isa = PBXFrameworksBuildPhase;
			buildActionMask = 2147483647;
			files = (
			);
			runOnlyForDeploymentPostprocessing = 0;
		};
/* End PBXFrameworksBuildPhase section */

/* Begin PBXGroup section */
		CD8EEB1823F9D7B600C1946E = {
			isa = PBXGroup;
			children = (
				CD8EEB2323F9D7B600C1946E /* gateNlight */,
				CD8EEB2223F9D7B600C1946E /* Products */,
			);
			sourceTree = "<group>";
		};
		CD8EEB2223F9D7B600C1946E /* Products */ = {
			isa = PBXGroup;
			children = (
				CD8EEB2123F9D7B600C1946E /* gateNlight.app */,
			);
			name = Products;
			sourceTree = "<group>";
		};
		CD8EEB2323F9D7B600C1946E /* gateNlight */ = {
			isa = PBXGroup;
			children = (
				CD8EEB2423F9D7B600C1946E /* AppDelegate.swift */,
				CD8EEB2623F9D7B600C1946E /* SceneDelegate.swift */,
				CD8EEB2823F9D7B600C1946E /* ViewController.swift */,
				CD8EEB2A23F9D7B600C1946E /* Main.storyboard */,
				CD93AC8723FAA6F200279FBD /* File.swift */,
				CD93AC8523FA99C800279FBD /* ButtonsController.swift */,
				CD8EEB2D23F9D7B800C1946E /* Assets.xcassets */,
				CD8EEB2F23F9D7B800C1946E /* LaunchScreen.storyboard */,
				CD8EEB3223F9D7B800C1946E /* Info.plist */,
			);
			path = gateNlight;
			sourceTree = "<group>";
		};
/* End PBXGroup section */

/* Begin PBXNativeTarget section */
		CD8EEB2023F9D7B600C1946E /* gateNlight */ = {
			isa = PBXNativeTarget;
			buildConfigurationList = CD8EEB3523F9D7B800C1946E /* Build configuration list for PBXNativeTarget "gateNlight" */;
			buildPhases = (
				CD8EEB1D23F9D7B600C1946E /* Sources */,
				CD8EEB1E23F9D7B600C1946E /* Frameworks */,
				CD8EEB1F23F9D7B600C1946E /* Resources */,
			);
			buildRules = (
			);
			dependencies = (
			);
			name = gateNlight;
			productName = gateNlight;
			productReference = CD8EEB2123F9D7B600C1946E /* gateNlight.app */;
			productType = "com.apple.product-type.application";
		};
/* End PBXNativeTarget section */

/* Begin PBXProject section */
		CD8EEB1923F9D7B600C1946E /* Project object */ = {
			isa = PBXProject;
			attributes = {
				LastSwiftUpdateCheck = 1130;
				LastUpgradeCheck = 1130;
				ORGANIZATIONNAME = "Олег Дмитриев";
				TargetAttributes = {
					CD8EEB2023F9D7B600C1946E = {
						CreatedOnToolsVersion = 11.3.1;
					};
				};
			};
			buildConfigurationList = CD8EEB1C23F9D7B600C1946E /* Build configuration list for PBXProject "gateNlight" */;
			compatibilityVersion = "Xcode 9.3";
			developmentRegion = en;
			hasScannedForEncodings = 0;
			knownRegions = (
				en,
				Base,
			);
			mainGroup = CD8EEB1823F9D7B600C1946E;
			productRefGroup = CD8EEB2223F9D7B600C1946E /* Products */;
			projectDirPath = "";
			projectRoot = "";
			targets = (
				CD8EEB2023F9D7B600C1946E /* gateNlight */,
			);
		};
/* End PBXProject section */

/* Begin PBXResourcesBuildPhase section */
		CD8EEB1F23F9D7B600C1946E /* Resources */ = {
			isa = PBXResourcesBuildPhase;
			buildActionMask = 2147483647;
			files = (
				CD8EEB3123F9D7B800C1946E /* LaunchScreen.storyboard in Resources */,
				CD8EEB2E23F9D7B800C1946E /* Assets.xcassets in Resources */,
				CD8EEB2C23F9D7B600C1946E /* Main.storyboard in Resources */,
			);
			runOnlyForDeploymentPostprocessing = 0;
		};
/* End PBXResourcesBuildPhase section */

/* Begin PBXSourcesBuildPhase section */
		CD8EEB1D23F9D7B600C1946E /* Sources */ = {
			isa = PBXSourcesBuildPhase;
			buildActionMask = 2147483647;
			files = (
				CD93AC8823FAA6F200279FBD /* File.swift in Sources */,
				CD8EEB2923F9D7B600C1946E /* ViewController.swift in Sources */,
				CD93AC8623FA99C800279FBD /* ButtonsController.swift in Sources */,
				CD8EEB2523F9D7B600C1946E /* AppDelegate.swift in Sources */,
				CD8EEB2723F9D7B600C1946E /* SceneDelegate.swift in Sources */,
			);
			runOnlyForDeploymentPostprocessing = 0;
		};
/* End PBXSourcesBuildPhase section */

/* Begin PBXVariantGroup section */
		CD8EEB2A23F9D7B600C1946E /* Main.storyboard */ = {
			isa = PBXVariantGroup;
			children = (
				CD8EEB2B23F9D7B600C1946E /* Base */,
			);
			name = Main.storyboard;
			sourceTree = "<group>";
		};
		CD8EEB2F23F9D7B800C1946E /* LaunchScreen.storyboard */ = {
			isa = PBXVariantGroup;
			children = (
				CD8EEB3023F9D7B800C1946E /* Base */,
			);
			name = LaunchScreen.storyboard;
			sourceTree = "<group>";
		};
/* End PBXVariantGroup section */

/* Begin XCBuildConfiguration section */
		CD8EEB3323F9D7B800C1946E /* Debug */ = {
			isa = XCBuildConfiguration;
			buildSettings = {
				ALWAYS_SEARCH_USER_PATHS = NO;
				CLANG_ANALYZER_NONNULL = YES;
				CLANG_ANALYZER_NUMBER_OBJECT_CONVERSION = YES_AGGRESSIVE;
				CLANG_CXX_LANGUAGE_STANDARD = "gnu++14";
				CLANG_CXX_LIBRARY = "libc++";
				CLANG_ENABLE_MODULES = YES;
				CLANG_ENABLE_OBJC_ARC = YES;
				CLANG_ENABLE_OBJC_WEAK = YES;
				CLANG_WARN_BLOCK_CAPTURE_AUTORELEASING = YES;
				CLANG_WARN_BOOL_CONVERSION = YES;
				CLANG_WARN_COMMA = YES;
				CLANG_WARN_CONSTANT_CONVERSION = YES;
				CLANG_WARN_DEPRECATED_OBJC_IMPLEMENTATIONS = YES;
				CLANG_WARN_DIRECT_OBJC_ISA_USAGE = YES_ERROR;
				CLANG_WARN_DOCUMENTATION_COMMENTS = YES;
				CLANG_WARN_EMPTY_BODY = YES;
				CLANG_WARN_ENUM_CONVERSION = YES;
				CLANG_WARN_INFINITE_RECURSION = YES;
				CLANG_WARN_INT_CONVERSION = YES;
				CLANG_WARN_NON_LITERAL_NULL_CONVERSION = YES;
				CLANG_WARN_OBJC_IMPLICIT_RETAIN_SELF = YES;
				CLANG_WARN_OBJC_LITERAL_CONVERSION = YES;
				CLANG_WARN_OBJC_ROOT_CLASS = YES_ERROR;
				CLANG_WARN_RANGE_LOOP_ANALYSIS = YES;
				CLANG_WARN_STRICT_PROTOTYPES = YES;
				CLANG_WARN_SUSPICIOUS_MOVE = YES;
				CLANG_WARN_UNGUARDED_AVAILABILITY = YES_AGGRESSIVE;
				CLANG_WARN_UNREACHABLE_CODE = YES;
				CLANG_WARN__DUPLICATE_METHOD_MATCH = YES;
				COPY_PHASE_STRIP = NO;
				DEBUG_INFORMATION_FORMAT = dwarf;
				ENABLE_STRICT_OBJC_MSGSEND = YES;
				ENABLE_TESTABILITY = YES;
				GCC_C_LANGUAGE_STANDARD = gnu11;
				GCC_DYNAMIC_NO_PIC = NO;
				GCC_NO_COMMON_BLOCKS = YES;
				GCC_OPTIMIZATION_LEVEL = 0;
				GCC_PREPROCESSOR_DEFINITIONS = (
					"DEBUG=1",
					"$(inherited)",
				);
				GCC_WARN_64_TO_32_BIT_CONVERSION = YES;
				GCC_WARN_ABOUT_RETURN_TYPE = YES_ERROR;
				GCC_WARN_UNDECLARED_SELECTOR = YES;
				GCC_WARN_UNINITIALIZED_AUTOS = YES_AGGRESSIVE;
				GCC_WARN_UNUSED_FUNCTION = YES;
				GCC_WARN_UNUSED_VARIABLE = YES;
				IPHONEOS_DEPLOYMENT_TARGET = 13.2;
				MTL_ENABLE_DEBUG_INFO = INCLUDE_SOURCE;
				MTL_FAST_MATH = YES;
				ONLY_ACTIVE_ARCH = YES;
				SDKROOT = iphoneos;
				SWIFT_ACTIVE_COMPILATION_CONDITIONS = DEBUG;
				SWIFT_OPTIMIZATION_LEVEL = "-Onone";
			};
			name = Debug;
		};
		CD8EEB3423F9D7B800C1946E /* Release */ = {
			isa = XCBuildConfiguration;
			buildSettings = {
				ALWAYS_SEARCH_USER_PATHS = NO;
				CLANG_ANALYZER_NONNULL = YES;
				CLANG_ANALYZER_NUMBER_OBJECT_CONVERSION = YES_AGGRESSIVE;
				CLANG_CXX_LANGUAGE_STANDARD = "gnu++14";
				CLANG_CXX_LIBRARY = "libc++";
				CLANG_ENABLE_MODULES = YES;
				CLANG_ENABLE_OBJC_ARC = YES;
				CLANG_ENABLE_OBJC_WEAK = YES;
				CLANG_WARN_BLOCK_CAPTURE_AUTORELEASING = YES;
				CLANG_WARN_BOOL_CONVERSION = YES;
				CLANG_WARN_COMMA = YES;
				CLANG_WARN_CONSTANT_CONVERSION = YES;
				CLANG_WARN_DEPRECATED_OBJC_IMPLEMENTATIONS = YES;
				CLANG_WARN_DIRECT_OBJC_ISA_USAGE = YES_ERROR;
				CLANG_WARN_DOCUMENTATION_COMMENTS = YES;
				CLANG_WARN_EMPTY_BODY = YES;
				CLANG_WARN_ENUM_CONVERSION = YES;
				CLANG_WARN_INFINITE_RECURSION = YES;
				CLANG_WARN_INT_CONVERSION = YES;
				CLANG_WARN_NON_LITERAL_NULL_CONVERSION = YES;
				CLANG_WARN_OBJC_IMPLICIT_RETAIN_SELF = YES;
				CLANG_WARN_OBJC_LITERAL_CONVERSION = YES;
				CLANG_WARN_OBJC_ROOT_CLASS = YES_ERROR;
				CLANG_WARN_RANGE_LOOP_ANALYSIS = YES;
				CLANG_WARN_STRICT_PROTOTYPES = YES;
				CLANG_WARN_SUSPICIOUS_MOVE = YES;
				CLANG_WARN_UNGUARDED_AVAILABILITY = YES_AGGRESSIVE;
				CLANG_WARN_UNREACHABLE_CODE = YES;
				CLANG_WARN__DUPLICATE_METHOD_MATCH = YES;
				COPY_PHASE_STRIP = NO;
				DEBUG_INFORMATION_FORMAT = "dwarf-with-dsym";
				ENABLE_NS_ASSERTIONS = NO;
				ENABLE_STRICT_OBJC_MSGSEND = YES;
				GCC_C_LANGUAGE_STANDARD = gnu11;
				GCC_NO_COMMON_BLOCKS = YES;
				GCC_WARN_64_TO_32_BIT_CONVERSION = YES;
				GCC_WARN_ABOUT_RETURN_TYPE = YES_ERROR;
				GCC_WARN_UNDECLARED_SELECTOR = YES;
				GCC_WARN_UNINITIALIZED_AUTOS = YES_AGGRESSIVE;
				GCC_WARN_UNUSED_FUNCTION = YES;
				GCC_WARN_UNUSED_VARIABLE = YES;
				IPHONEOS_DEPLOYMENT_TARGET = 13.2;
				MTL_ENABLE_DEBUG_INFO = NO;
				MTL_FAST_MATH = YES;
				SDKROOT = iphoneos;
				SWIFT_COMPILATION_MODE = wholemodule;
				SWIFT_OPTIMIZATION_LEVEL = "-O";
				VALIDATE_PRODUCT = YES;
			};
			name = Release;
		};
		CD8EEB3623F9D7B800C1946E /* Debug */ = {
			isa = XCBuildConfiguration;
			buildSettings = {
				ASSETCATALOG_COMPILER_APPICON_NAME = AppIcon;
				CODE_SIGN_STYLE = Automatic;
				DEVELOPMENT_TEAM = ZQ3RC52AYB;
				INFOPLIST_FILE = gateNlight/Info.plist;
				LD_RUNPATH_SEARCH_PATHS = (
					"$(inherited)",
					"@executable_path/Frameworks",
				);
				PRODUCT_BUNDLE_IDENTIFIER = pro.acft.gateNlight;
				PRODUCT_NAME = "$(TARGET_NAME)";
				SWIFT_VERSION = 5.0;
				TARGETED_DEVICE_FAMILY = "1,2";
			};
			name = Debug;
		};
		CD8EEB3723F9D7B800C1946E /* Release */ = {
			isa = XCBuildConfiguration;
			buildSettings = {
				ASSETCATALOG_COMPILER_APPICON_NAME = AppIcon;
				CODE_SIGN_STYLE = Automatic;
				DEVELOPMENT_TEAM = ZQ3RC52AYB;
				INFOPLIST_FILE = gateNlight/Info.plist;
				LD_RUNPATH_SEARCH_PATHS = (
					"$(inherited)",
					"@executable_path/Frameworks",
				);
				PRODUCT_BUNDLE_IDENTIFIER = pro.acft.gateNlight;
				PRODUCT_NAME = "$(TARGET_NAME)";
				SWIFT_VERSION = 5.0;
				TARGETED_DEVICE_FAMILY = "1,2";
			};
			name = Release;
		};
/* End XCBuildConfiguration section */

/* Begin XCConfigurationList section */
		CD8EEB1C23F9D7B600C1946E /* Build configuration list for PBXProject "gateNlight" */ = {
			isa = XCConfigurationList;
			buildConfigurations = (
				CD8EEB3323F9D7B800C1946E /* Debug */,
				CD8EEB3423F9D7B800C1946E /* Release */,
			);
			defaultConfigurationIsVisible = 0;
			defaultConfigurationName = Release;
		};
		CD8EEB3523F9D7B800C1946E /* Build configuration list for PBXNativeTarget "gateNlight" */ = {
			isa = XCConfigurationList;
			buildConfigurations = (
				CD8EEB3623F9D7B800C1946E /* Debug */,
				CD8EEB3723F9D7B800C1946E /* Release */,
			);
			defaultConfigurationIsVisible = 0;
			defaultConfigurationName = Release;
		};
/* End XCConfigurationList section */
	};
	rootObject = CD8EEB1923F9D7B600C1946E /* Project object */;
}
